
Microsoft Visual Studio Solution File, Format Version 12.00
# Visual Studio Version 16
VisualStudioVersion = 16.0.30320.27
MinimumVisualStudioVersion = 10.0.40219.1
Project("{FAE04EC0-301F-11D3-BF4B-00C04F79EFBC}") = "FIT5120_Epoch_BushFire", "FIT5120_Epoch_BushFire\FIT5120_Epoch_BushFire.csproj", "{D24568D6-8DF4-455B-92A6-BF29F931932E}"
EndProject
Global
	GlobalSection(SolutionConfigurationPlatforms) = preSolution
		Debug|Any CPU = Debug|Any CPU
		Release|Any CPU = Release|Any CPU
	EndGlobalSection
	GlobalSection(ProjectConfigurationPlatforms) = postSolution
		{D24568D6-8DF4-455B-92A6-BF29F931932E}.Debug|Any CPU.ActiveCfg = Debug|Any CPU
		{D24568D6-8DF4-455B-92A6-BF29F931932E}.Debug|Any CPU.Build.0 = Debug|Any CPU
		{D24568D6-8DF4-455B-92A6-BF29F931932E}.Release|Any CPU.ActiveCfg = Release|Any CPU
		{D24568D6-8DF4-455B-92A6-BF29F931932E}.Release|Any CPU.Build.0 = Release|Any CPU
	EndGlobalSection
	GlobalSection(SolutionProperties) = preSolution
		HideSolutionNode = FALSE
	EndGlobalSection
	GlobalSection(ExtensibilityGlobals) = postSolution
		SolutionGuid = {1A498E75-2393-4251-86A2-E3227C01EEE9}
	EndGlobalSection
EndGlobal
