{
  "requires": true,
  "lockfileVersion": 1,
  "dependencies": {
    "troika-three-text": {
      "version": "0.40.0",
      "resolved": "https://registry.npmjs.org/troika-three-text/-/troika-three-text-0.40.0.tgz",
      "integrity": "sha512-ikkKXmuZir/wTny4z0xM26bpYFcHMxWSXtlkWNMWKV6UzWEjeT75O0tewEhI0T76L4+pS+xAYpK1bML0Bzn3Ag==",
      "requires": {
        "troika-three-utils": "^0.40.0",
        "troika-worker-utils": "^0.40.0"
      }
    },
    "troika-three-utils": {
      "version": "0.40.0",
      "resolved": "https://registry.npmjs.org/troika-three-utils/-/troika-three-utils-0.40.0.tgz",
      "integrity": "sha512-hhk7dG44M07xiRWtusIRuE3GVJd4tGNpu/ZL9h0a2aC+Dpc4/RYl9w3Y6xAurkwn6XY+qg/TO/f65r9OuD59pw=="
    },
    "troika-worker-utils": {
      "version": "0.40.0",
      "resolved": "https://registry.npmjs.org/troika-worker-utils/-/troika-worker-utils-0.40.0.tgz",
      "integrity": "sha512-wlSvufSoYP5KXxZzm/aovca2Zoq008CuMcGQWoUzPG6xDtxhdfP43I8cB8K3PoJb3hRQyaZI2fdG33F2yCyPZw=="
    }
  }
}
